// !$*UTF8*$!
{
	archiveVersion = 1;
	classes = {
	};
	objectVersion = 48;
	objects = {

/* Begin PBXBuildFile section */
		E5008442201F1B8900D34DDB /* Extensions.swift in Sources */ = {isa = PBXBuildFile; fileRef = E5008441201F1B8900D34DDB /* Extensions.swift */; };
		E5008444201F410600D34DDB /* SpriteComponent.swift in Sources */ = {isa = PBXBuildFile; fileRef = E5008443201F410600D34DDB /* SpriteComponent.swift */; };
		E5008446201F420300D34DDB /* MovementComponent.swift in Sources */ = {isa = PBXBuildFile; fileRef = E5008445201F420300D34DDB /* MovementComponent.swift */; };
		E5008448201F4B9A00D34DDB /* AnimationComponent.swift in Sources */ = {isa = PBXBuildFile; fileRef = E5008447201F4B9A00D34DDB /* AnimationComponent.swift */; };
		E500844A201F4E5F00D34DDB /* PlayerEntity.swift in Sources */ = {isa = PBXBuildFile; fileRef = E5008449201F4E5F00D34DDB /* PlayerEntity.swift */; };
		E500845D201F550700D34DDB /* ObstacleEntity.swift in Sources */ = {isa = PBXBuildFile; fileRef = E500845C201F550700D34DDB /* ObstacleEntity.swift */; };
		E500845F201F57B200D34DDB /* MainMenuState.swift in Sources */ = {isa = PBXBuildFile; fileRef = E500845E201F57B200D34DDB /* MainMenuState.swift */; };
		E5008461201F57D400D34DDB /* InstructionsState.swift in Sources */ = {isa = PBXBuildFile; fileRef = E5008460201F57D400D34DDB /* InstructionsState.swift */; };
		E5008463201F57E900D34DDB /* PlayingState.swift in Sources */ = {isa = PBXBuildFile; fileRef = E5008462201F57E900D34DDB /* PlayingState.swift */; };
		E5008465201F57FA00D34DDB /* FallingState.swift in Sources */ = {isa = PBXBuildFile; fileRef = E5008464201F57FA00D34DDB /* FallingState.swift */; };
		E5008467201F580A00D34DDB /* GameOverState.swift in Sources */ = {isa = PBXBuildFile; fileRef = E5008466201F580A00D34DDB /* GameOverState.swift */; };
		E5396E22200B81E100719ED9 /* launchScreenImage.png in Resources */ = {isa = PBXBuildFile; fileRef = E5396E21200B81E100719ED9 /* launchScreenImage.png */; };
		E5396E24200B81FB00719ED9 /* backgrounds.atlas in Resources */ = {isa = PBXBuildFile; fileRef = E5396E23200B81FB00719ED9 /* backgrounds.atlas */; };
		E5396E2F200B822B00719ED9 /* whack.wav in Resources */ = {isa = PBXBuildFile; fileRef = E5396E27200B822B00719ED9 /* whack.wav */; };
		E5396E30200B822B00719ED9 /* coin.wav in Resources */ = {isa = PBXBuildFile; fileRef = E5396E28200B822B00719ED9 /* coin.wav */; };
		E5396E31200B822B00719ED9 /* pop.wav in Resources */ = {isa = PBXBuildFile; fileRef = E5396E29200B822B00719ED9 /* pop.wav */; };
		E5396E32200B822B00719ED9 /* fatJimmyBackgroundMusic.mp3 in Resources */ = {isa = PBXBuildFile; fileRef = E5396E2A200B822B00719ED9 /* fatJimmyBackgroundMusic.mp3 */; };
		E5396E33200B822B00719ED9 /* b.mp3 in Resources */ = {isa = PBXBuildFile; fileRef = E5396E2B200B822B00719ED9 /* b.mp3 */; };
		E5396E34200B822C00719ED9 /* hitGround.wav in Resources */ = {isa = PBXBuildFile; fileRef = E5396E2C200B822B00719ED9 /* hitGround.wav */; };
		E5396E35200B822C00719ED9 /* falling.wav in Resources */ = {isa = PBXBuildFile; fileRef = E5396E2D200B822B00719ED9 /* falling.wav */; };
		E5396E36200B822C00719ED9 /* f.mp3 in Resources */ = {isa = PBXBuildFile; fileRef = E5396E2E200B822B00719ED9 /* f.mp3 */; };
		E5398C5C200A86F400121B10 /* AppDelegate.swift in Sources */ = {isa = PBXBuildFile; fileRef = E5398C5B200A86F400121B10 /* AppDelegate.swift */; };
		E5398C60200A86F500121B10 /* Actions.sks in Resources */ = {isa = PBXBuildFile; fileRef = E5398C5F200A86F500121B10 /* Actions.sks */; };
		E5398C62200A86F500121B10 /* GameScene.swift in Sources */ = {isa = PBXBuildFile; fileRef = E5398C61200A86F500121B10 /* GameScene.swift */; };
		E5398C64200A86F500121B10 /* GameViewController.swift in Sources */ = {isa = PBXBuildFile; fileRef = E5398C63200A86F500121B10 /* GameViewController.swift */; };
		E5398C67200A86F500121B10 /* Main.storyboard in Resources */ = {isa = PBXBuildFile; fileRef = E5398C65200A86F500121B10 /* Main.storyboard */; };
		E5398C69200A86F500121B10 /* Assets.xcassets in Resources */ = {isa = PBXBuildFile; fileRef = E5398C68200A86F500121B10 /* Assets.xcassets */; };
		E5398C6C200A86F500121B10 /* LaunchScreen.storyboard in Resources */ = {isa = PBXBuildFile; fileRef = E5398C6A200A86F500121B10 /* LaunchScreen.storyboard */; };
/* End PBXBuildFile section */

/* Begin PBXFileReference section */
		E5008441201F1B8900D34DDB /* Extensions.swift */ = {isa = PBXFileReference; lastKnownFileType = sourcecode.swift; path = Extensions.swift; sourceTree = "<group>"; };
		E5008443201F410600D34DDB /* SpriteComponent.swift */ = {isa = PBXFileReference; lastKnownFileType = sourcecode.swift; path = SpriteComponent.swift; sourceTree = "<group>"; };
		E5008445201F420300D34DDB /* MovementComponent.swift */ = {isa = PBXFileReference; lastKnownFileType = sourcecode.swift; path = MovementComponent.swift; sourceTree = "<group>"; };
		E5008447201F4B9A00D34DDB /* AnimationComponent.swift */ = {isa = PBXFileReference; lastKnownFileType = sourcecode.swift; path = AnimationComponent.swift; sourceTree = "<group>"; };
		E5008449201F4E5F00D34DDB /* PlayerEntity.swift */ = {isa = PBXFileReference; lastKnownFileType = sourcecode.swift; path = PlayerEntity.swift; sourceTree = "<group>"; };
		E500845C201F550700D34DDB /* ObstacleEntity.swift */ = {isa = PBXFileReference; lastKnownFileType = sourcecode.swift; path = ObstacleEntity.swift; sourceTree = "<group>"; };
		E500845E201F57B200D34DDB /* MainMenuState.swift */ = {isa = PBXFileReference; lastKnownFileType = sourcecode.swift; path = MainMenuState.swift; sourceTree = "<group>"; };
		E5008460201F57D400D34DDB /* InstructionsState.swift */ = {isa = PBXFileReference; lastKnownFileType = sourcecode.swift; path = InstructionsState.swift; sourceTree = "<group>"; };
		E5008462201F57E900D34DDB /* PlayingState.swift */ = {isa = PBXFileReference; lastKnownFileType = sourcecode.swift; path = PlayingState.swift; sourceTree = "<group>"; };
		E5008464201F57FA00D34DDB /* FallingState.swift */ = {isa = PBXFileReference; lastKnownFileType = sourcecode.swift; path = FallingState.swift; sourceTree = "<group>"; };
		E5008466201F580A00D34DDB /* GameOverState.swift */ = {isa = PBXFileReference; lastKnownFileType = sourcecode.swift; path = GameOverState.swift; sourceTree = "<group>"; };
		E5396E21200B81E100719ED9 /* launchScreenImage.png */ = {isa = PBXFileReference; lastKnownFileType = image.png; path = launchScreenImage.png; sourceTree = "<group>"; };
		E5396E23200B81FB00719ED9 /* backgrounds.atlas */ = {isa = PBXFileReference; lastKnownFileType = folder.skatlas; path = backgrounds.atlas; sourceTree = "<group>"; };
		E5396E27200B822B00719ED9 /* whack.wav */ = {isa = PBXFileReference; lastKnownFileType = audio.wav; path = whack.wav; sourceTree = "<group>"; };
		E5396E28200B822B00719ED9 /* coin.wav */ = {isa = PBXFileReference; lastKnownFileType = audio.wav; path = coin.wav; sourceTree = "<group>"; };
		E5396E29200B822B00719ED9 /* pop.wav */ = {isa = PBXFileReference; lastKnownFileType = audio.wav; path = pop.wav; sourceTree = "<group>"; };
		E5396E2A200B822B00719ED9 /* fatJimmyBackgroundMusic.mp3 */ = {isa = PBXFileReference; lastKnownFileType = audio.mp3; path = fatJimmyBackgroundMusic.mp3; sourceTree = "<group>"; };
		E5396E2B200B822B00719ED9 /* b.mp3 */ = {isa = PBXFileReference; lastKnownFileType = audio.mp3; path = b.mp3; sourceTree = "<group>"; };
		E5396E2C200B822B00719ED9 /* hitGround.wav */ = {isa = PBXFileReference; lastKnownFileType = audio.wav; path = hitGround.wav; sourceTree = "<group>"; };
		E5396E2D200B822B00719ED9 /* falling.wav */ = {isa = PBXFileReference; lastKnownFileType = audio.wav; path = falling.wav; sourceTree = "<group>"; };
		E5396E2E200B822B00719ED9 /* f.mp3 */ = {isa = PBXFileReference; lastKnownFileType = audio.mp3; path = f.mp3; sourceTree = "<group>"; };
		E5398C58200A86F400121B10 /* TestPhyBodyApp.app */ = {isa = PBXFileReference; explicitFileType = wrapper.application; includeInIndex = 0; path = TestPhyBodyApp.app; sourceTree = BUILT_PRODUCTS_DIR; };
		E5398C5B200A86F400121B10 /* AppDelegate.swift */ = {isa = PBXFileReference; lastKnownFileType = sourcecode.swift; path = AppDelegate.swift; sourceTree = "<group>"; };
		E5398C5F200A86F500121B10 /* Actions.sks */ = {isa = PBXFileReference; lastKnownFileType = file.sks; path = Actions.sks; sourceTree = "<group>"; };
		E5398C61200A86F500121B10 /* GameScene.swift */ = {isa = PBXFileReference; lastKnownFileType = sourcecode.swift; path = GameScene.swift; sourceTree = "<group>"; };
		E5398C63200A86F500121B10 /* GameViewController.swift */ = {isa = PBXFileReference; lastKnownFileType = sourcecode.swift; path = GameViewController.swift; sourceTree = "<group>"; };
		E5398C66200A86F500121B10 /* Base */ = {isa = PBXFileReference; lastKnownFileType = file.storyboard; name = Base; path = Base.lproj/Main.storyboard; sourceTree = "<group>"; };
		E5398C68200A86F500121B10 /* Assets.xcassets */ = {isa = PBXFileReference; lastKnownFileType = folder.assetcatalog; path = Assets.xcassets; sourceTree = "<group>"; };
		E5398C6B200A86F500121B10 /* Base */ = {isa = PBXFileReference; lastKnownFileType = file.storyboard; name = Base; path = Base.lproj/LaunchScreen.storyboard; sourceTree = "<group>"; };
		E5398C6D200A86F500121B10 /* Info.plist */ = {isa = PBXFileReference; lastKnownFileType = text.plist.xml; path = Info.plist; sourceTree = "<group>"; };
/* End PBXFileReference section */

/* Begin PBXFrameworksBuildPhase section */
		E5398C55200A86F400121B10 /* Frameworks */ = {
			isa = PBXFrameworksBuildPhase;
			buildActionMask = 2147483647;
			files = (
			);
			runOnlyForDeploymentPostprocessing = 0;
		};
/* End PBXFrameworksBuildPhase section */

/* Begin PBXGroup section */
		E5396E1D200B819B00719ED9 /* Components */ = {
			isa = PBXGroup;
			children = (
				E5008443201F410600D34DDB /* SpriteComponent.swift */,
				E5008445201F420300D34DDB /* MovementComponent.swift */,
				E5008447201F4B9A00D34DDB /* AnimationComponent.swift */,
			);
			path = Components;
			sourceTree = "<group>";
		};
		E5396E1E200B81A800719ED9 /* Entities */ = {
			isa = PBXGroup;
			children = (
				E5008449201F4E5F00D34DDB /* PlayerEntity.swift */,
				E500845C201F550700D34DDB /* ObstacleEntity.swift */,
			);
			path = Entities;
			sourceTree = "<group>";
		};
		E5396E1F200B81BA00719ED9 /* GameStates */ = {
			isa = PBXGroup;
			children = (
				E500845E201F57B200D34DDB /* MainMenuState.swift */,
				E5008460201F57D400D34DDB /* InstructionsState.swift */,
				E5008462201F57E900D34DDB /* PlayingState.swift */,
				E5008464201F57FA00D34DDB /* FallingState.swift */,
				E5008466201F580A00D34DDB /* GameOverState.swift */,
			);
			path = GameStates;
			sourceTree = "<group>";
		};
		E5396E20200B81C900719ED9 /* Images */ = {
			isa = PBXGroup;
			children = (
				E5396E21200B81E100719ED9 /* launchScreenImage.png */,
				E5396E23200B81FB00719ED9 /* backgrounds.atlas */,
			);
			path = Images;
			sourceTree = "<group>";
		};
		E5396E26200B821900719ED9 /* Sounds */ = {
			isa = PBXGroup;
			children = (
				E5396E2B200B822B00719ED9 /* b.mp3 */,
				E5396E28200B822B00719ED9 /* coin.wav */,
				E5396E2E200B822B00719ED9 /* f.mp3 */,
				E5396E2D200B822B00719ED9 /* falling.wav */,
				E5396E2A200B822B00719ED9 /* fatJimmyBackgroundMusic.mp3 */,
				E5396E2C200B822B00719ED9 /* hitGround.wav */,
				E5396E29200B822B00719ED9 /* pop.wav */,
				E5396E27200B822B00719ED9 /* whack.wav */,
			);
			path = Sounds;
			sourceTree = "<group>";
		};
		E5398C4F200A86F400121B10 = {
			isa = PBXGroup;
			children = (
				E5008441201F1B8900D34DDB /* Extensions.swift */,
				E5396E20200B81C900719ED9 /* Images */,
				E5396E1F200B81BA00719ED9 /* GameStates */,
				E5396E1E200B81A800719ED9 /* Entities */,
				E5396E1D200B819B00719ED9 /* Components */,
				E5396E26200B821900719ED9 /* Sounds */,
				E5398C5A200A86F400121B10 /* TestPhyBodyApp */,
				E5398C59200A86F400121B10 /* Products */,
			);
			sourceTree = "<group>";
		};
		E5398C59200A86F400121B10 /* Products */ = {
			isa = PBXGroup;
			children = (
				E5398C58200A86F400121B10 /* TestPhyBodyApp.app */,
			);
			name = Products;
			sourceTree = "<group>";
		};
		E5398C5A200A86F400121B10 /* TestPhyBodyApp */ = {
			isa = PBXGroup;
			children = (
				E5398C5B200A86F400121B10 /* AppDelegate.swift */,
				E5398C5F200A86F500121B10 /* Actions.sks */,
				E5398C61200A86F500121B10 /* GameScene.swift */,
				E5398C63200A86F500121B10 /* GameViewController.swift */,
				E5398C65200A86F500121B10 /* Main.storyboard */,
				E5398C68200A86F500121B10 /* Assets.xcassets */,
				E5398C6A200A86F500121B10 /* LaunchScreen.storyboard */,
				E5398C6D200A86F500121B10 /* Info.plist */,
			);
			path = TestPhyBodyApp;
			sourceTree = "<group>";
		};
/* End PBXGroup section */

/* Begin PBXNativeTarget section */
		E5398C57200A86F400121B10 /* TestPhyBodyApp */ = {
			isa = PBXNativeTarget;
			buildConfigurationList = E5398C70200A86F500121B10 /* Build configuration list for PBXNativeTarget "TestPhyBodyApp" */;
			buildPhases = (
				E5398C54200A86F400121B10 /* Sources */,
				E5398C55200A86F400121B10 /* Frameworks */,
				E5398C56200A86F400121B10 /* Resources */,
			);
			buildRules = (
			);
			dependencies = (
			);
			name = TestPhyBodyApp;
			productName = TestPhyBodyApp;
			productReference = E5398C58200A86F400121B10 /* TestPhyBodyApp.app */;
			productType = "com.apple.product-type.application";
		};
/* End PBXNativeTarget section */

/* Begin PBXProject section */
		E5398C50200A86F400121B10 /* Project object */ = {
			isa = PBXProject;
			attributes = {
				LastSwiftUpdateCheck = 0910;
				LastUpgradeCheck = 0910;
				ORGANIZATIONNAME = "Imrul Kayes";
				TargetAttributes = {
					E5398C57200A86F400121B10 = {
						CreatedOnToolsVersion = 9.1;
						ProvisioningStyle = Automatic;
					};
				};
			};
			buildConfigurationList = E5398C53200A86F400121B10 /* Build configuration list for PBXProject "TestPhyBodyApp" */;
			compatibilityVersion = "Xcode 8.0";
			developmentRegion = en;
			hasScannedForEncodings = 0;
			knownRegions = (
				en,
				Base,
			);
			mainGroup = E5398C4F200A86F400121B10;
			productRefGroup = E5398C59200A86F400121B10 /* Products */;
			projectDirPath = "";
			projectRoot = "";
			targets = (
				E5398C57200A86F400121B10 /* TestPhyBodyApp */,
			);
		};
/* End PBXProject section */

/* Begin PBXResourcesBuildPhase section */
		E5398C56200A86F400121B10 /* Resources */ = {
			isa = PBXResourcesBuildPhase;
			buildActionMask = 2147483647;
			files = (
				E5396E22200B81E100719ED9 /* launchScreenImage.png in Resources */,
				E5398C67200A86F500121B10 /* Main.storyboard in Resources */,
				E5396E31200B822B00719ED9 /* pop.wav in Resources */,
				E5396E36200B822C00719ED9 /* f.mp3 in Resources */,
				E5396E2F200B822B00719ED9 /* whack.wav in Resources */,
				E5398C69200A86F500121B10 /* Assets.xcassets in Resources */,
				E5398C6C200A86F500121B10 /* LaunchScreen.storyboard in Resources */,
				E5396E30200B822B00719ED9 /* coin.wav in Resources */,
				E5396E35200B822C00719ED9 /* falling.wav in Resources */,
				E5398C60200A86F500121B10 /* Actions.sks in Resources */,
				E5396E33200B822B00719ED9 /* b.mp3 in Resources */,
				E5396E32200B822B00719ED9 /* fatJimmyBackgroundMusic.mp3 in Resources */,
				E5396E34200B822C00719ED9 /* hitGround.wav in Resources */,
				E5396E24200B81FB00719ED9 /* backgrounds.atlas in Resources */,
			);
			runOnlyForDeploymentPostprocessing = 0;
		};
/* End PBXResourcesBuildPhase section */

/* Begin PBXSourcesBuildPhase section */
		E5398C54200A86F400121B10 /* Sources */ = {
			isa = PBXSourcesBuildPhase;
			buildActionMask = 2147483647;
			files = (
				E5398C62200A86F500121B10 /* GameScene.swift in Sources */,
				E5008444201F410600D34DDB /* SpriteComponent.swift in Sources */,
				E5398C64200A86F500121B10 /* GameViewController.swift in Sources */,
				E5398C5C200A86F400121B10 /* AppDelegate.swift in Sources */,
				E5008448201F4B9A00D34DDB /* AnimationComponent.swift in Sources */,
				E500845F201F57B200D34DDB /* MainMenuState.swift in Sources */,
				E500845D201F550700D34DDB /* ObstacleEntity.swift in Sources */,
				E5008446201F420300D34DDB /* MovementComponent.swift in Sources */,
				E5008465201F57FA00D34DDB /* FallingState.swift in Sources */,
				E5008467201F580A00D34DDB /* GameOverState.swift in Sources */,
				E5008442201F1B8900D34DDB /* Extensions.swift in Sources */,
				E5008461201F57D400D34DDB /* InstructionsState.swift in Sources */,
				E5008463201F57E900D34DDB /* PlayingState.swift in Sources */,
				E500844A201F4E5F00D34DDB /* PlayerEntity.swift in Sources */,
			);
			runOnlyForDeploymentPostprocessing = 0;
		};
/* End PBXSourcesBuildPhase section */

/* Begin PBXVariantGroup section */
		E5398C65200A86F500121B10 /* Main.storyboard */ = {
			isa = PBXVariantGroup;
			children = (
				E5398C66200A86F500121B10 /* Base */,
			);
			name = Main.storyboard;
			sourceTree = "<group>";
		};
		E5398C6A200A86F500121B10 /* LaunchScreen.storyboard */ = {
			isa = PBXVariantGroup;
			children = (
				E5398C6B200A86F500121B10 /* Base */,
			);
			name = LaunchScreen.storyboard;
			sourceTree = "<group>";
		};
/* End PBXVariantGroup section */

/* Begin XCBuildConfiguration section */
		E5398C6E200A86F500121B10 /* Debug */ = {
			isa = XCBuildConfiguration;
			buildSettings = {
				ALWAYS_SEARCH_USER_PATHS = NO;
				CLANG_ANALYZER_NONNULL = YES;
				CLANG_ANALYZER_NUMBER_OBJECT_CONVERSION = YES_AGGRESSIVE;
				CLANG_CXX_LANGUAGE_STANDARD = "gnu++14";
				CLANG_CXX_LIBRARY = "libc++";
				CLANG_ENABLE_MODULES = YES;
				CLANG_ENABLE_OBJC_ARC = YES;
				CLANG_WARN_BLOCK_CAPTURE_AUTORELEASING = YES;
				CLANG_WARN_BOOL_CONVERSION = YES;
				CLANG_WARN_COMMA = YES;
				CLANG_WARN_CONSTANT_CONVERSION = YES;
				CLANG_WARN_DIRECT_OBJC_ISA_USAGE = YES_ERROR;
				CLANG_WARN_DOCUMENTATION_COMMENTS = YES;
				CLANG_WARN_EMPTY_BODY = YES;
				CLANG_WARN_ENUM_CONVERSION = YES;
				CLANG_WARN_INFINITE_RECURSION = YES;
				CLANG_WARN_INT_CONVERSION = YES;
				CLANG_WARN_NON_LITERAL_NULL_CONVERSION = YES;
				CLANG_WARN_OBJC_LITERAL_CONVERSION = YES;
				CLANG_WARN_OBJC_ROOT_CLASS = YES_ERROR;
				CLANG_WARN_RANGE_LOOP_ANALYSIS = YES;
				CLANG_WARN_STRICT_PROTOTYPES = YES;
				CLANG_WARN_SUSPICIOUS_MOVE = YES;
				CLANG_WARN_UNGUARDED_AVAILABILITY = YES_AGGRESSIVE;
				CLANG_WARN_UNREACHABLE_CODE = YES;
				CLANG_WARN__DUPLICATE_METHOD_MATCH = YES;
				CODE_SIGN_IDENTITY = "iPhone Developer";
				COPY_PHASE_STRIP = NO;
				DEBUG_INFORMATION_FORMAT = dwarf;
				ENABLE_STRICT_OBJC_MSGSEND = YES;
				ENABLE_TESTABILITY = YES;
				GCC_C_LANGUAGE_STANDARD = gnu11;
				GCC_DYNAMIC_NO_PIC = NO;
				GCC_NO_COMMON_BLOCKS = YES;
				GCC_OPTIMIZATION_LEVEL = 0;
				GCC_PREPROCESSOR_DEFINITIONS = (
					"DEBUG=1",
					"$(inherited)",
				);
				GCC_WARN_64_TO_32_BIT_CONVERSION = YES;
				GCC_WARN_ABOUT_RETURN_TYPE = YES_ERROR;
				GCC_WARN_UNDECLARED_SELECTOR = YES;
				GCC_WARN_UNINITIALIZED_AUTOS = YES_AGGRESSIVE;
				GCC_WARN_UNUSED_FUNCTION = YES;
				GCC_WARN_UNUSED_VARIABLE = YES;
				IPHONEOS_DEPLOYMENT_TARGET = 11.1;
				MTL_ENABLE_DEBUG_INFO = YES;
				ONLY_ACTIVE_ARCH = YES;
				SDKROOT = iphoneos;
				SWIFT_ACTIVE_COMPILATION_CONDITIONS = DEBUG;
				SWIFT_OPTIMIZATION_LEVEL = "-Onone";
			};
			name = Debug;
		};
		E5398C6F200A86F500121B10 /* Release */ = {
			isa = XCBuildConfiguration;
			buildSettings = {
				ALWAYS_SEARCH_USER_PATHS = NO;
				CLANG_ANALYZER_NONNULL = YES;
				CLANG_ANALYZER_NUMBER_OBJECT_CONVERSION = YES_AGGRESSIVE;
				CLANG_CXX_LANGUAGE_STANDARD = "gnu++14";
				CLANG_CXX_LIBRARY = "libc++";
				CLANG_ENABLE_MODULES = YES;
				CLANG_ENABLE_OBJC_ARC = YES;
				CLANG_WARN_BLOCK_CAPTURE_AUTORELEASING = YES;
				CLANG_WARN_BOOL_CONVERSION = YES;
				CLANG_WARN_COMMA = YES;
				CLANG_WARN_CONSTANT_CONVERSION = YES;
				CLANG_WARN_DIRECT_OBJC_ISA_USAGE = YES_ERROR;
				CLANG_WARN_DOCUMENTATION_COMMENTS = YES;
				CLANG_WARN_EMPTY_BODY = YES;
				CLANG_WARN_ENUM_CONVERSION = YES;
				CLANG_WARN_INFINITE_RECURSION = YES;
				CLANG_WARN_INT_CONVERSION = YES;
				CLANG_WARN_NON_LITERAL_NULL_CONVERSION = YES;
				CLANG_WARN_OBJC_LITERAL_CONVERSION = YES;
				CLANG_WARN_OBJC_ROOT_CLASS = YES_ERROR;
				CLANG_WARN_RANGE_LOOP_ANALYSIS = YES;
				CLANG_WARN_STRICT_PROTOTYPES = YES;
				CLANG_WARN_SUSPICIOUS_MOVE = YES;
				CLANG_WARN_UNGUARDED_AVAILABILITY = YES_AGGRESSIVE;
				CLANG_WARN_UNREACHABLE_CODE = YES;
				CLANG_WARN__DUPLICATE_METHOD_MATCH = YES;
				CODE_SIGN_IDENTITY = "iPhone Developer";
				COPY_PHASE_STRIP = NO;
				DEBUG_INFORMATION_FORMAT = "dwarf-with-dsym";
				ENABLE_NS_ASSERTIONS = NO;
				ENABLE_STRICT_OBJC_MSGSEND = YES;
				GCC_C_LANGUAGE_STANDARD = gnu11;
				GCC_NO_COMMON_BLOCKS = YES;
				GCC_WARN_64_TO_32_BIT_CONVERSION = YES;
				GCC_WARN_ABOUT_RETURN_TYPE = YES_ERROR;
				GCC_WARN_UNDECLARED_SELECTOR = YES;
				GCC_WARN_UNINITIALIZED_AUTOS = YES_AGGRESSIVE;
				GCC_WARN_UNUSED_FUNCTION = YES;
				GCC_WARN_UNUSED_VARIABLE = YES;
				IPHONEOS_DEPLOYMENT_TARGET = 11.1;
				MTL_ENABLE_DEBUG_INFO = NO;
				SDKROOT = iphoneos;
				SWIFT_OPTIMIZATION_LEVEL = "-Owholemodule";
				VALIDATE_PRODUCT = YES;
			};
			name = Release;
		};
		E5398C71200A86F500121B10 /* Debug */ = {
			isa = XCBuildConfiguration;
			buildSettings = {
				ASSETCATALOG_COMPILER_APPICON_NAME = AppIcon;
				CODE_SIGN_STYLE = Automatic;
				DEVELOPMENT_TEAM = N29E7P5W3H;
				INFOPLIST_FILE = TestPhyBodyApp/Info.plist;
				LD_RUNPATH_SEARCH_PATHS = "$(inherited) @executable_path/Frameworks";
				PRODUCT_BUNDLE_IDENTIFIER = com.binary5.TestPhyBodyApp;
				PRODUCT_NAME = "$(TARGET_NAME)";
				SWIFT_VERSION = 4.0;
				TARGETED_DEVICE_FAMILY = "1,2";
			};
			name = Debug;
		};
		E5398C72200A86F500121B10 /* Release */ = {
			isa = XCBuildConfiguration;
			buildSettings = {
				ASSETCATALOG_COMPILER_APPICON_NAME = AppIcon;
				CODE_SIGN_STYLE = Automatic;
				DEVELOPMENT_TEAM = N29E7P5W3H;
				INFOPLIST_FILE = TestPhyBodyApp/Info.plist;
				LD_RUNPATH_SEARCH_PATHS = "$(inherited) @executable_path/Frameworks";
				PRODUCT_BUNDLE_IDENTIFIER = com.binary5.TestPhyBodyApp;
				PRODUCT_NAME = "$(TARGET_NAME)";
				SWIFT_VERSION = 4.0;
				TARGETED_DEVICE_FAMILY = "1,2";
			};
			name = Release;
		};
/* End XCBuildConfiguration section */

/* Begin XCConfigurationList section */
		E5398C53200A86F400121B10 /* Build configuration list for PBXProject "TestPhyBodyApp" */ = {
			isa = XCConfigurationList;
			buildConfigurations = (
				E5398C6E200A86F500121B10 /* Debug */,
				E5398C6F200A86F500121B10 /* Release */,
			);
			defaultConfigurationIsVisible = 0;
			defaultConfigurationName = Release;
		};
		E5398C70200A86F500121B10 /* Build configuration list for PBXNativeTarget "TestPhyBodyApp" */ = {
			isa = XCConfigurationList;
			buildConfigurations = (
				E5398C71200A86F500121B10 /* Debug */,
				E5398C72200A86F500121B10 /* Release */,
			);
			defaultConfigurationIsVisible = 0;
			defaultConfigurationName = Release;
		};
/* End XCConfigurationList section */
	};
	rootObject = E5398C50200A86F400121B10 /* Project object */;
}
